
Microsoft Visual Studio Solution File, Format Version 12.00
# Visual Studio Version 16
VisualStudioVersion = 16.0.30413.136
MinimumVisualStudioVersion = 10.0.40219.1
Project("{FAE04EC0-301F-11D3-BF4B-00C04F79EFBC}") = "FireBird.API", "Logikoz.Asp.Net-Core.FireBird\FireBird.API.csproj", "{FED48DBB-5372-4A76-89CF-6F39A64EA45A}"
EndProject
Global
	GlobalSection(SolutionConfigurationPlatforms) = preSolution
		Debug|Any CPU = Debug|Any CPU
		Release|Any CPU = Release|Any CPU
	EndGlobalSection
	GlobalSection(ProjectConfigurationPlatforms) = postSolution
		{FED48DBB-5372-4A76-89CF-6F39A64EA45A}.Debug|Any CPU.ActiveCfg = Debug|Any CPU
		{FED48DBB-5372-4A76-89CF-6F39A64EA45A}.Debug|Any CPU.Build.0 = Debug|Any CPU
		{FED48DBB-5372-4A76-89CF-6F39A64EA45A}.Release|Any CPU.ActiveCfg = Release|Any CPU
		{FED48DBB-5372-4A76-89CF-6F39A64EA45A}.Release|Any CPU.Build.0 = Release|Any CPU
		{A37EED37-0E97-4D73-8D65-19DA5C577A94}.Debug|Any CPU.ActiveCfg = Debug|Any CPU
		{A37EED37-0E97-4D73-8D65-19DA5C577A94}.Debug|Any CPU.Build.0 = Debug|Any CPU
		{A37EED37-0E97-4D73-8D65-19DA5C577A94}.Release|Any CPU.ActiveCfg = Release|Any CPU
		{A37EED37-0E97-4D73-8D65-19DA5C577A94}.Release|Any CPU.Build.0 = Release|Any CPU
	EndGlobalSection
	GlobalSection(SolutionProperties) = preSolution
		HideSolutionNode = FALSE
	EndGlobalSection
	GlobalSection(ExtensibilityGlobals) = postSolution
		SolutionGuid = {3EB77ACA-6916-43ED-9796-EC4B36C87505}
	EndGlobalSection
EndGlobal
